
Microsoft Visual Studio Solution File, Format Version 11.00
# Visual Studio 2010
Project("{FAE04EC0-301F-11D3-BF4B-00C04F79EFBC}") = "01.PrintInteger", "01.PrintInteger\01.PrintInteger.csproj", "{2C2EEFFA-CB4C-4866-8630-E319A6D7121A}"
EndProject
Project("{FAE04EC0-301F-11D3-BF4B-00C04F79EFBC}") = "02.ReadNumber", "02.ReadNumber\02.ReadNumber.csproj", "{6F556D2A-B3E2-4017-9CC6-96C14FB97942}"
EndProject
Project("{FAE04EC0-301F-11D3-BF4B-00C04F79EFBC}") = "03.ReadWindowsFile", "03.ReadWindowsFile\03.ReadWindowsFile.csproj", "{91952595-8D17-4A57-9DBD-0D779F31D1D5}"
EndProject
Project("{FAE04EC0-301F-11D3-BF4B-00C04F79EFBC}") = "04.DownloadImage", "04.DownloadImage\04.DownloadImage.csproj", "{2DAFA06A-FB66-45FB-8867-20FBEA30D482}"
EndProject
Global
	GlobalSection(SolutionConfigurationPlatforms) = preSolution
		Debug|x86 = Debug|x86
		Release|x86 = Release|x86
	EndGlobalSection
	GlobalSection(ProjectConfigurationPlatforms) = postSolution
		{2C2EEFFA-CB4C-4866-8630-E319A6D7121A}.Debug|x86.ActiveCfg = Debug|x86
		{2C2EEFFA-CB4C-4866-8630-E319A6D7121A}.Debug|x86.Build.0 = Debug|x86
		{2C2EEFFA-CB4C-4866-8630-E319A6D7121A}.Release|x86.ActiveCfg = Release|x86
		{2C2EEFFA-CB4C-4866-8630-E319A6D7121A}.Release|x86.Build.0 = Release|x86
		{6F556D2A-B3E2-4017-9CC6-96C14FB97942}.Debug|x86.ActiveCfg = Debug|x86
		{6F556D2A-B3E2-4017-9CC6-96C14FB97942}.Debug|x86.Build.0 = Debug|x86
		{6F556D2A-B3E2-4017-9CC6-96C14FB97942}.Release|x86.ActiveCfg = Release|x86
		{6F556D2A-B3E2-4017-9CC6-96C14FB97942}.Release|x86.Build.0 = Release|x86
		{91952595-8D17-4A57-9DBD-0D779F31D1D5}.Debug|x86.ActiveCfg = Debug|x86
		{91952595-8D17-4A57-9DBD-0D779F31D1D5}.Debug|x86.Build.0 = Debug|x86
		{91952595-8D17-4A57-9DBD-0D779F31D1D5}.Release|x86.ActiveCfg = Release|x86
		{91952595-8D17-4A57-9DBD-0D779F31D1D5}.Release|x86.Build.0 = Release|x86
		{2DAFA06A-FB66-45FB-8867-20FBEA30D482}.Debug|x86.ActiveCfg = Debug|x86
		{2DAFA06A-FB66-45FB-8867-20FBEA30D482}.Debug|x86.Build.0 = Debug|x86
		{2DAFA06A-FB66-45FB-8867-20FBEA30D482}.Release|x86.ActiveCfg = Release|x86
		{2DAFA06A-FB66-45FB-8867-20FBEA30D482}.Release|x86.Build.0 = Release|x86
	EndGlobalSection
	GlobalSection(SolutionProperties) = preSolution
		HideSolutionNode = FALSE
	EndGlobalSection
EndGlobal
